// !$*UTF8*$!
{
	archiveVersion = 1;
	classes = {
	};
	objectVersion = 77;
	objects = {

/* Begin PBXBuildFile section */
		6767935AA72C1ABF71484650 /* Pods_new_feature_flutter_ios.framework in Frameworks */ = {isa = PBXBuildFile; fileRef = B27E8DB3BD7F08B188B98402 /* Pods_new_feature_flutter_ios.framework */; };
/* End PBXBuildFile section */

/* Begin PBXContainerItemProxy section */
		6F23CA762E45F3CE006B9C9D /* PBXContainerItemProxy */ = {
			isa = PBXContainerItemProxy;
			containerPortal = 6F23CA572E45F3C8006B9C9D /* Project object */;
			proxyType = 1;
			remoteGlobalIDString = 6F23CA5E2E45F3C8006B9C9D;
			remoteInfo = new_feature_flutter_ios;
		};
		6F23CA802E45F3CE006B9C9D /* PBXContainerItemProxy */ = {
			isa = PBXContainerItemProxy;
			containerPortal = 6F23CA572E45F3C8006B9C9D /* Project object */;
			proxyType = 1;
			remoteGlobalIDString = 6F23CA5E2E45F3C8006B9C9D;
			remoteInfo = new_feature_flutter_ios;
		};
/* End PBXContainerItemProxy section */

/* Begin PBXFileReference section */
		25F26582B2CFC1426AEC2680 /* Pods-new_feature_flutter_ios.release.xcconfig */ = {isa = PBXFileReference; includeInIndex = 1; lastKnownFileType = text.xcconfig; name = "Pods-new_feature_flutter_ios.release.xcconfig"; path = "Target Support Files/Pods-new_feature_flutter_ios/Pods-new_feature_flutter_ios.release.xcconfig"; sourceTree = "<group>"; };
		5B31F35F85C4977A411682B3 /* Pods-new_feature_flutter_ios.debug.xcconfig */ = {isa = PBXFileReference; includeInIndex = 1; lastKnownFileType = text.xcconfig; name = "Pods-new_feature_flutter_ios.debug.xcconfig"; path = "Target Support Files/Pods-new_feature_flutter_ios/Pods-new_feature_flutter_ios.debug.xcconfig"; sourceTree = "<group>"; };
		6F23CA5F2E45F3C8006B9C9D /* new_feature_flutter_ios.app */ = {isa = PBXFileReference; explicitFileType = wrapper.application; includeInIndex = 0; path = new_feature_flutter_ios.app; sourceTree = BUILT_PRODUCTS_DIR; };
		6F23CA752E45F3CE006B9C9D /* new_feature_flutter_iosTests.xctest */ = {isa = PBXFileReference; explicitFileType = wrapper.cfbundle; includeInIndex = 0; path = new_feature_flutter_iosTests.xctest; sourceTree = BUILT_PRODUCTS_DIR; };
		6F23CA7F2E45F3CE006B9C9D /* new_feature_flutter_iosUITests.xctest */ = {isa = PBXFileReference; explicitFileType = wrapper.cfbundle; includeInIndex = 0; path = new_feature_flutter_iosUITests.xctest; sourceTree = BUILT_PRODUCTS_DIR; };
		B27E8DB3BD7F08B188B98402 /* Pods_new_feature_flutter_ios.framework */ = {isa = PBXFileReference; explicitFileType = wrapper.framework; includeInIndex = 0; path = Pods_new_feature_flutter_ios.framework; sourceTree = BUILT_PRODUCTS_DIR; };
/* End PBXFileReference section */

/* Begin PBXFileSystemSynchronizedBuildFileExceptionSet section */
		6F23CA872E45F3CE006B9C9D /* Exceptions for "new_feature_flutter_ios" folder in "new_feature_flutter_ios" target */ = {
			isa = PBXFileSystemSynchronizedBuildFileExceptionSet;
			membershipExceptions = (
				Info.plist,
			);
			target = 6F23CA5E2E45F3C8006B9C9D /* new_feature_flutter_ios */;
		};
/* End PBXFileSystemSynchronizedBuildFileExceptionSet section */

/* Begin PBXFileSystemSynchronizedRootGroup section */
		6F23CA612E45F3C8006B9C9D /* new_feature_flutter_ios */ = {
			isa = PBXFileSystemSynchronizedRootGroup;
			exceptions = (
				6F23CA872E45F3CE006B9C9D /* Exceptions for "new_feature_flutter_ios" folder in "new_feature_flutter_ios" target */,
			);
			path = new_feature_flutter_ios;
			sourceTree = "<group>";
		};
		6F23CA782E45F3CE006B9C9D /* new_feature_flutter_iosTests */ = {
			isa = PBXFileSystemSynchronizedRootGroup;
			path = new_feature_flutter_iosTests;
			sourceTree = "<group>";
		};
		6F23CA822E45F3CE006B9C9D /* new_feature_flutter_iosUITests */ = {
			isa = PBXFileSystemSynchronizedRootGroup;
			path = new_feature_flutter_iosUITests;
			sourceTree = "<group>";
		};
/* End PBXFileSystemSynchronizedRootGroup section */

/* Begin PBXFrameworksBuildPhase section */
		6F23CA5C2E45F3C8006B9C9D /* Frameworks */ = {
			isa = PBXFrameworksBuildPhase;
			buildActionMask = 2147483647;
			files = (
				6767935AA72C1ABF71484650 /* Pods_new_feature_flutter_ios.framework in Frameworks */,
			);
			runOnlyForDeploymentPostprocessing = 0;
		};
		6F23CA722E45F3CE006B9C9D /* Frameworks */ = {
			isa = PBXFrameworksBuildPhase;
			buildActionMask = 2147483647;
			files = (
			);
			runOnlyForDeploymentPostprocessing = 0;
		};
		6F23CA7C2E45F3CE006B9C9D /* Frameworks */ = {
			isa = PBXFrameworksBuildPhase;
			buildActionMask = 2147483647;
			files = (
			);
			runOnlyForDeploymentPostprocessing = 0;
		};
/* End PBXFrameworksBuildPhase section */

/* Begin PBXGroup section */
		5D7947E34201F9317E2CB21A /* Frameworks */ = {
			isa = PBXGroup;
			children = (
				B27E8DB3BD7F08B188B98402 /* Pods_new_feature_flutter_ios.framework */,
			);
			name = Frameworks;
			sourceTree = "<group>";
		};
		6F23CA562E45F3C8006B9C9D = {
			isa = PBXGroup;
			children = (
				6F23CA612E45F3C8006B9C9D /* new_feature_flutter_ios */,
				6F23CA782E45F3CE006B9C9D /* new_feature_flutter_iosTests */,
				6F23CA822E45F3CE006B9C9D /* new_feature_flutter_iosUITests */,
				6F23CA602E45F3C8006B9C9D /* Products */,
				B27337AFA76468DC3E5C2E72 /* Pods */,
				5D7947E34201F9317E2CB21A /* Frameworks */,
			);
			sourceTree = "<group>";
		};
		6F23CA602E45F3C8006B9C9D /* Products */ = {
			isa = PBXGroup;
			children = (
				6F23CA5F2E45F3C8006B9C9D /* new_feature_flutter_ios.app */,
				6F23CA752E45F3CE006B9C9D /* new_feature_flutter_iosTests.xctest */,
				6F23CA7F2E45F3CE006B9C9D /* new_feature_flutter_iosUITests.xctest */,
			);
			name = Products;
			sourceTree = "<group>";
		};
		B27337AFA76468DC3E5C2E72 /* Pods */ = {
			isa = PBXGroup;
			children = (
				5B31F35F85C4977A411682B3 /* Pods-new_feature_flutter_ios.debug.xcconfig */,
				25F26582B2CFC1426AEC2680 /* Pods-new_feature_flutter_ios.release.xcconfig */,
			);
			path = Pods;
			sourceTree = "<group>";
		};
/* End PBXGroup section */

/* Begin PBXNativeTarget section */
		6F23CA5E2E45F3C8006B9C9D /* new_feature_flutter_ios */ = {
			isa = PBXNativeTarget;
			buildConfigurationList = 6F23CA882E45F3CE006B9C9D /* Build configuration list for PBXNativeTarget "new_feature_flutter_ios" */;
			buildPhases = (
				EE7C8595736C15759C3AD479 /* [CP] Check Pods Manifest.lock */,
				63B547F167B2FA1444C538BF /* [CP-User] Run Flutter Build new_feature_flutter_module Script */,
				6F23CA5B2E45F3C8006B9C9D /* Sources */,
				6F23CA5C2E45F3C8006B9C9D /* Frameworks */,
				6F23CA5D2E45F3C8006B9C9D /* Resources */,
				51E7A229BACF0C165F1C5AD3 /* [CP-User] Embed Flutter Build new_feature_flutter_module Script */,
			);
			buildRules = (
			);
			dependencies = (
			);
			fileSystemSynchronizedGroups = (
				6F23CA612E45F3C8006B9C9D /* new_feature_flutter_ios */,
			);
			name = new_feature_flutter_ios;
			productName = new_feature_flutter_ios;
			productReference = 6F23CA5F2E45F3C8006B9C9D /* new_feature_flutter_ios.app */;
			productType = "com.apple.product-type.application";
		};
		6F23CA742E45F3CE006B9C9D /* new_feature_flutter_iosTests */ = {
			isa = PBXNativeTarget;
			buildConfigurationList = 6F23CA8D2E45F3CE006B9C9D /* Build configuration list for PBXNativeTarget "new_feature_flutter_iosTests" */;
			buildPhases = (
				6F23CA712E45F3CE006B9C9D /* Sources */,
				6F23CA722E45F3CE006B9C9D /* Frameworks */,
				6F23CA732E45F3CE006B9C9D /* Resources */,
			);
			buildRules = (
			);
			dependencies = (
				6F23CA772E45F3CE006B9C9D /* PBXTargetDependency */,
			);
			fileSystemSynchronizedGroups = (
				6F23CA782E45F3CE006B9C9D /* new_feature_flutter_iosTests */,
			);
			name = new_feature_flutter_iosTests;
			productName = new_feature_flutter_iosTests;
			productReference = 6F23CA752E45F3CE006B9C9D /* new_feature_flutter_iosTests.xctest */;
			productType = "com.apple.product-type.bundle.unit-test";
		};
		6F23CA7E2E45F3CE006B9C9D /* new_feature_flutter_iosUITests */ = {
			isa = PBXNativeTarget;
			buildConfigurationList = 6F23CA902E45F3CE006B9C9D /* Build configuration list for PBXNativeTarget "new_feature_flutter_iosUITests" */;
			buildPhases = (
				6F23CA7B2E45F3CE006B9C9D /* Sources */,
				6F23CA7C2E45F3CE006B9C9D /* Frameworks */,
				6F23CA7D2E45F3CE006B9C9D /* Resources */,
			);
			buildRules = (
			);
			dependencies = (
				6F23CA812E45F3CE006B9C9D /* PBXTargetDependency */,
			);
			fileSystemSynchronizedGroups = (
				6F23CA822E45F3CE006B9C9D /* new_feature_flutter_iosUITests */,
			);
			name = new_feature_flutter_iosUITests;
			productName = new_feature_flutter_iosUITests;
			productReference = 6F23CA7F2E45F3CE006B9C9D /* new_feature_flutter_iosUITests.xctest */;
			productType = "com.apple.product-type.bundle.ui-testing";
		};
/* End PBXNativeTarget section */

/* Begin PBXProject section */
		6F23CA572E45F3C8006B9C9D /* Project object */ = {
			isa = PBXProject;
			attributes = {
				BuildIndependentTargetsInParallel = 1;
				LastSwiftUpdateCheck = 1620;
				LastUpgradeCheck = 1620;
				TargetAttributes = {
					6F23CA5E2E45F3C8006B9C9D = {
						CreatedOnToolsVersion = 16.2;
					};
					6F23CA742E45F3CE006B9C9D = {
						CreatedOnToolsVersion = 16.2;
						TestTargetID = 6F23CA5E2E45F3C8006B9C9D;
					};
					6F23CA7E2E45F3CE006B9C9D = {
						CreatedOnToolsVersion = 16.2;
						TestTargetID = 6F23CA5E2E45F3C8006B9C9D;
					};
				};
			};
			buildConfigurationList = 6F23CA5A2E45F3C8006B9C9D /* Build configuration list for PBXProject "new_feature_flutter_ios" */;
			developmentRegion = en;
			hasScannedForEncodings = 0;
			knownRegions = (
				en,
				Base,
			);
			mainGroup = 6F23CA562E45F3C8006B9C9D;
			minimizedProjectReferenceProxies = 1;
			preferredProjectObjectVersion = 77;
			productRefGroup = 6F23CA602E45F3C8006B9C9D /* Products */;
			projectDirPath = "";
			projectRoot = "";
			targets = (
				6F23CA5E2E45F3C8006B9C9D /* new_feature_flutter_ios */,
				6F23CA742E45F3CE006B9C9D /* new_feature_flutter_iosTests */,
				6F23CA7E2E45F3CE006B9C9D /* new_feature_flutter_iosUITests */,
			);
		};
/* End PBXProject section */

/* Begin PBXResourcesBuildPhase section */
		6F23CA5D2E45F3C8006B9C9D /* Resources */ = {
			isa = PBXResourcesBuildPhase;
			buildActionMask = 2147483647;
			files = (
			);
			runOnlyForDeploymentPostprocessing = 0;
		};
		6F23CA732E45F3CE006B9C9D /* Resources */ = {
			isa = PBXResourcesBuildPhase;
			buildActionMask = 2147483647;
			files = (
			);
			runOnlyForDeploymentPostprocessing = 0;
		};
		6F23CA7D2E45F3CE006B9C9D /* Resources */ = {
			isa = PBXResourcesBuildPhase;
			buildActionMask = 2147483647;
			files = (
			);
			runOnlyForDeploymentPostprocessing = 0;
		};
/* End PBXResourcesBuildPhase section */

/* Begin PBXShellScriptBuildPhase section */
		51E7A229BACF0C165F1C5AD3 /* [CP-User] Embed Flutter Build new_feature_flutter_module Script */ = {
			isa = PBXShellScriptBuildPhase;
			buildActionMask = 2147483647;
			files = (
			);
			name = "[CP-User] Embed Flutter Build new_feature_flutter_module Script";
			runOnlyForDeploymentPostprocessing = 0;
			shellPath = /bin/sh;
			shellScript = "set -e\nset -u\nsource \"${SRCROOT}/../new_feature_flutter_module/.ios/Flutter/flutter_export_environment.sh\"\nexport VERBOSE_SCRIPT_LOGGING=1 && \"$FLUTTER_ROOT\"/packages/flutter_tools/bin/xcode_backend.sh embed_and_thin";
		};
		63B547F167B2FA1444C538BF /* [CP-User] Run Flutter Build new_feature_flutter_module Script */ = {
			isa = PBXShellScriptBuildPhase;
			buildActionMask = 2147483647;
			files = (
			);
			name = "[CP-User] Run Flutter Build new_feature_flutter_module Script";
			runOnlyForDeploymentPostprocessing = 0;
			shellPath = /bin/sh;
			shellScript = "set -e\nset -u\nsource \"${SRCROOT}/../new_feature_flutter_module/.ios/Flutter/flutter_export_environment.sh\"\nexport VERBOSE_SCRIPT_LOGGING=1 && \"$FLUTTER_ROOT\"/packages/flutter_tools/bin/xcode_backend.sh build";
		};
		EE7C8595736C15759C3AD479 /* [CP] Check Pods Manifest.lock */ = {
			isa = PBXShellScriptBuildPhase;
			buildActionMask = 2147483647;
			files = (
			);
			inputFileListPaths = (
			);
			inputPaths = (
				"${PODS_PODFILE_DIR_PATH}/Podfile.lock",
				"${PODS_ROOT}/Manifest.lock",
			);
			name = "[CP] Check Pods Manifest.lock";
			outputFileListPaths = (
			);
			outputPaths = (
				"$(DERIVED_FILE_DIR)/Pods-new_feature_flutter_ios-checkManifestLockResult.txt",
			);
			runOnlyForDeploymentPostprocessing = 0;
			shellPath = /bin/sh;
			shellScript = "diff \"${PODS_PODFILE_DIR_PATH}/Podfile.lock\" \"${PODS_ROOT}/Manifest.lock\" > /dev/null\nif [ $? != 0 ] ; then\n    # print error to STDERR\n    echo \"error: The sandbox is not in sync with the Podfile.lock. Run 'pod install' or update your CocoaPods installation.\" >&2\n    exit 1\nfi\n# This output is used by Xcode 'outputs' to avoid re-running this script phase.\necho \"SUCCESS\" > \"${SCRIPT_OUTPUT_FILE_0}\"\n";
			showEnvVarsInLog = 0;
		};
/* End PBXShellScriptBuildPhase section */

/* Begin PBXSourcesBuildPhase section */
		6F23CA5B2E45F3C8006B9C9D /* Sources */ = {
			isa = PBXSourcesBuildPhase;
			buildActionMask = 2147483647;
			files = (
			);
			runOnlyForDeploymentPostprocessing = 0;
		};
		6F23CA712E45F3CE006B9C9D /* Sources */ = {
			isa = PBXSourcesBuildPhase;
			buildActionMask = 2147483647;
			files = (
			);
			runOnlyForDeploymentPostprocessing = 0;
		};
		6F23CA7B2E45F3CE006B9C9D /* Sources */ = {
			isa = PBXSourcesBuildPhase;
			buildActionMask = 2147483647;
			files = (
			);
			runOnlyForDeploymentPostprocessing = 0;
		};
/* End PBXSourcesBuildPhase section */

/* Begin PBXTargetDependency section */
		6F23CA772E45F3CE006B9C9D /* PBXTargetDependency */ = {
			isa = PBXTargetDependency;
			target = 6F23CA5E2E45F3C8006B9C9D /* new_feature_flutter_ios */;
			targetProxy = 6F23CA762E45F3CE006B9C9D /* PBXContainerItemProxy */;
		};
		6F23CA812E45F3CE006B9C9D /* PBXTargetDependency */ = {
			isa = PBXTargetDependency;
			target = 6F23CA5E2E45F3C8006B9C9D /* new_feature_flutter_ios */;
			targetProxy = 6F23CA802E45F3CE006B9C9D /* PBXContainerItemProxy */;
		};
/* End PBXTargetDependency section */

/* Begin XCBuildConfiguration section */
		6F23CA892E45F3CE006B9C9D /* Debug */ = {
			isa = XCBuildConfiguration;
			baseConfigurationReference = 5B31F35F85C4977A411682B3 /* Pods-new_feature_flutter_ios.debug.xcconfig */;
			buildSettings = {
				ASSETCATALOG_COMPILER_APPICON_NAME = AppIcon;
				ASSETCATALOG_COMPILER_GLOBAL_ACCENT_COLOR_NAME = AccentColor;
				CODE_SIGN_STYLE = Automatic;
				CURRENT_PROJECT_VERSION = 1;
				DEVELOPMENT_TEAM = 5RHV8MZ568;
				ENABLE_USER_SCRIPT_SANDBOXING = NO;
				GENERATE_INFOPLIST_FILE = YES;
				INFOPLIST_FILE = new_feature_flutter_ios/Info.plist;
				INFOPLIST_KEY_UIApplicationSupportsIndirectInputEvents = YES;
				INFOPLIST_KEY_UILaunchStoryboardName = LaunchScreen;
				INFOPLIST_KEY_UIMainStoryboardFile = Main;
				INFOPLIST_KEY_UISupportedInterfaceOrientations_iPad = "UIInterfaceOrientationPortrait UIInterfaceOrientationPortraitUpsideDown UIInterfaceOrientationLandscapeLeft UIInterfaceOrientationLandscapeRight";
				INFOPLIST_KEY_UISupportedInterfaceOrientations_iPhone = "UIInterfaceOrientationPortrait UIInterfaceOrientationLandscapeLeft UIInterfaceOrientationLandscapeRight";
				IPHONEOS_DEPLOYMENT_TARGET = 15.6;
				LD_RUNPATH_SEARCH_PATHS = (
					"$(inherited)",
					"@executable_path/Frameworks",
				);
				MARKETING_VERSION = 1.0;
				PRODUCT_BUNDLE_IDENTIFIER = "example.com.new-feature-flutter-ios";
				PRODUCT_NAME = "$(TARGET_NAME)";
				SWIFT_EMIT_LOC_STRINGS = YES;
				SWIFT_VERSION = 5.0;
				TARGETED_DEVICE_FAMILY = "1,2";
			};
			name = Debug;
		};
		6F23CA8A2E45F3CE006B9C9D /* Release */ = {
			isa = XCBuildConfiguration;
			baseConfigurationReference = 25F26582B2CFC1426AEC2680 /* Pods-new_feature_flutter_ios.release.xcconfig */;
			buildSettings = {
				ASSETCATALOG_COMPILER_APPICON_NAME = AppIcon;
				ASSETCATALOG_COMPILER_GLOBAL_ACCENT_COLOR_NAME = AccentColor;
				CODE_SIGN_STYLE = Automatic;
				CURRENT_PROJECT_VERSION = 1;
				DEVELOPMENT_TEAM = 5RHV8MZ568;
				ENABLE_USER_SCRIPT_SANDBOXING = NO;
				GENERATE_INFOPLIST_FILE = YES;
				INFOPLIST_FILE = new_feature_flutter_ios/Info.plist;
				INFOPLIST_KEY_UIApplicationSupportsIndirectInputEvents = YES;
				INFOPLIST_KEY_UILaunchStoryboardName = LaunchScreen;
				INFOPLIST_KEY_UIMainStoryboardFile = Main;
				INFOPLIST_KEY_UISupportedInterfaceOrientations_iPad = "UIInterfaceOrientationPortrait UIInterfaceOrientationPortraitUpsideDown UIInterfaceOrientationLandscapeLeft UIInterfaceOrientationLandscapeRight";
				INFOPLIST_KEY_UISupportedInterfaceOrientations_iPhone = "UIInterfaceOrientationPortrait UIInterfaceOrientationLandscapeLeft UIInterfaceOrientationLandscapeRight";
				IPHONEOS_DEPLOYMENT_TARGET = 15.6;
				LD_RUNPATH_SEARCH_PATHS = (
					"$(inherited)",
					"@executable_path/Frameworks",
				);
				MARKETING_VERSION = 1.0;
				PRODUCT_BUNDLE_IDENTIFIER = "example.com.new-feature-flutter-ios";
				PRODUCT_NAME = "$(TARGET_NAME)";
				SWIFT_EMIT_LOC_STRINGS = YES;
				SWIFT_VERSION = 5.0;
				TARGETED_DEVICE_FAMILY = "1,2";
			};
			name = Release;
		};
		6F23CA8B2E45F3CE006B9C9D /* Debug */ = {
			isa = XCBuildConfiguration;
			buildSettings = {
				ALWAYS_SEARCH_USER_PATHS = NO;
				ASSETCATALOG_COMPILER_GENERATE_SWIFT_ASSET_SYMBOL_EXTENSIONS = YES;
				CLANG_ANALYZER_NONNULL = YES;
				CLANG_ANALYZER_NUMBER_OBJECT_CONVERSION = YES_AGGRESSIVE;
				CLANG_CXX_LANGUAGE_STANDARD = "gnu++20";
				CLANG_ENABLE_MODULES = YES;
				CLANG_ENABLE_OBJC_ARC = YES;
				CLANG_ENABLE_OBJC_WEAK = YES;
				CLANG_WARN_BLOCK_CAPTURE_AUTORELEASING = YES;
				CLANG_WARN_BOOL_CONVERSION = YES;
				CLANG_WARN_COMMA = YES;
				CLANG_WARN_CONSTANT_CONVERSION = YES;
				CLANG_WARN_DEPRECATED_OBJC_IMPLEMENTATIONS = YES;
				CLANG_WARN_DIRECT_OBJC_ISA_USAGE = YES_ERROR;
				CLANG_WARN_DOCUMENTATION_COMMENTS = YES;
				CLANG_WARN_EMPTY_BODY = YES;
				CLANG_WARN_ENUM_CONVERSION = YES;
				CLANG_WARN_INFINITE_RECURSION = YES;
				CLANG_WARN_INT_CONVERSION = YES;
				CLANG_WARN_NON_LITERAL_NULL_CONVERSION = YES;
				CLANG_WARN_OBJC_IMPLICIT_RETAIN_SELF = YES;
				CLANG_WARN_OBJC_LITERAL_CONVERSION = YES;
				CLANG_WARN_OBJC_ROOT_CLASS = YES_ERROR;
				CLANG_WARN_QUOTED_INCLUDE_IN_FRAMEWORK_HEADER = YES;
				CLANG_WARN_RANGE_LOOP_ANALYSIS = YES;
				CLANG_WARN_STRICT_PROTOTYPES = YES;
				CLANG_WARN_SUSPICIOUS_MOVE = YES;
				CLANG_WARN_UNGUARDED_AVAILABILITY = YES_AGGRESSIVE;
				CLANG_WARN_UNREACHABLE_CODE = YES;
				CLANG_WARN__DUPLICATE_METHOD_MATCH = YES;
				COPY_PHASE_STRIP = NO;
				DEBUG_INFORMATION_FORMAT = dwarf;
				ENABLE_STRICT_OBJC_MSGSEND = YES;
				ENABLE_TESTABILITY = YES;
				ENABLE_USER_SCRIPT_SANDBOXING = NO;
				GCC_C_LANGUAGE_STANDARD = gnu17;
				GCC_DYNAMIC_NO_PIC = NO;
				GCC_NO_COMMON_BLOCKS = YES;
				GCC_OPTIMIZATION_LEVEL = 0;
				GCC_PREPROCESSOR_DEFINITIONS = (
					"DEBUG=1",
					"$(inherited)",
				);
				GCC_WARN_64_TO_32_BIT_CONVERSION = YES;
				GCC_WARN_ABOUT_RETURN_TYPE = YES_ERROR;
				GCC_WARN_UNDECLARED_SELECTOR = YES;
				GCC_WARN_UNINITIALIZED_AUTOS = YES_AGGRESSIVE;
				GCC_WARN_UNUSED_FUNCTION = YES;
				GCC_WARN_UNUSED_VARIABLE = YES;
				IPHONEOS_DEPLOYMENT_TARGET = 18.2;
				LOCALIZATION_PREFERS_STRING_CATALOGS = YES;
				MTL_ENABLE_DEBUG_INFO = INCLUDE_SOURCE;
				MTL_FAST_MATH = YES;
				ONLY_ACTIVE_ARCH = YES;
				SDKROOT = iphoneos;
				SWIFT_ACTIVE_COMPILATION_CONDITIONS = "DEBUG $(inherited)";
				SWIFT_OPTIMIZATION_LEVEL = "-Onone";
			};
			name = Debug;
		};
		6F23CA8C2E45F3CE006B9C9D /* Release */ = {
			isa = XCBuildConfiguration;
			buildSettings = {
				ALWAYS_SEARCH_USER_PATHS = NO;
				ASSETCATALOG_COMPILER_GENERATE_SWIFT_ASSET_SYMBOL_EXTENSIONS = YES;
				CLANG_ANALYZER_NONNULL = YES;
				CLANG_ANALYZER_NUMBER_OBJECT_CONVERSION = YES_AGGRESSIVE;
				CLANG_CXX_LANGUAGE_STANDARD = "gnu++20";
				CLANG_ENABLE_MODULES = YES;
				CLANG_ENABLE_OBJC_ARC = YES;
				CLANG_ENABLE_OBJC_WEAK = YES;
				CLANG_WARN_BLOCK_CAPTURE_AUTORELEASING = YES;
				CLANG_WARN_BOOL_CONVERSION = YES;
				CLANG_WARN_COMMA = YES;
				CLANG_WARN_CONSTANT_CONVERSION = YES;
				CLANG_WARN_DEPRECATED_OBJC_IMPLEMENTATIONS = YES;
				CLANG_WARN_DIRECT_OBJC_ISA_USAGE = YES_ERROR;
				CLANG_WARN_DOCUMENTATION_COMMENTS = YES;
				CLANG_WARN_EMPTY_BODY = YES;
				CLANG_WARN_ENUM_CONVERSION = YES;
				CLANG_WARN_INFINITE_RECURSION = YES;
				CLANG_WARN_INT_CONVERSION = YES;
				CLANG_WARN_NON_LITERAL_NULL_CONVERSION = YES;
				CLANG_WARN_OBJC_IMPLICIT_RETAIN_SELF = YES;
				CLANG_WARN_OBJC_LITERAL_CONVERSION = YES;
				CLANG_WARN_OBJC_ROOT_CLASS = YES_ERROR;
				CLANG_WARN_QUOTED_INCLUDE_IN_FRAMEWORK_HEADER = YES;
				CLANG_WARN_RANGE_LOOP_ANALYSIS = YES;
				CLANG_WARN_STRICT_PROTOTYPES = YES;
				CLANG_WARN_SUSPICIOUS_MOVE = YES;
				CLANG_WARN_UNGUARDED_AVAILABILITY = YES_AGGRESSIVE;
				CLANG_WARN_UNREACHABLE_CODE = YES;
				CLANG_WARN__DUPLICATE_METHOD_MATCH = YES;
				COPY_PHASE_STRIP = NO;
				DEBUG_INFORMATION_FORMAT = "dwarf-with-dsym";
				ENABLE_NS_ASSERTIONS = NO;
				ENABLE_STRICT_OBJC_MSGSEND = YES;
				ENABLE_USER_SCRIPT_SANDBOXING = NO;
				GCC_C_LANGUAGE_STANDARD = gnu17;
				GCC_NO_COMMON_BLOCKS = YES;
				GCC_WARN_64_TO_32_BIT_CONVERSION = YES;
				GCC_WARN_ABOUT_RETURN_TYPE = YES_ERROR;
				GCC_WARN_UNDECLARED_SELECTOR = YES;
				GCC_WARN_UNINITIALIZED_AUTOS = YES_AGGRESSIVE;
				GCC_WARN_UNUSED_FUNCTION = YES;
				GCC_WARN_UNUSED_VARIABLE = YES;
				IPHONEOS_DEPLOYMENT_TARGET = 18.2;
				LOCALIZATION_PREFERS_STRING_CATALOGS = YES;
				MTL_ENABLE_DEBUG_INFO = NO;
				MTL_FAST_MATH = YES;
				SDKROOT = iphoneos;
				SWIFT_COMPILATION_MODE = wholemodule;
				VALIDATE_PRODUCT = YES;
			};
			name = Release;
		};
		6F23CA8E2E45F3CE006B9C9D /* Debug */ = {
			isa = XCBuildConfiguration;
			buildSettings = {
				BUNDLE_LOADER = "$(TEST_HOST)";
				CODE_SIGN_STYLE = Automatic;
				CURRENT_PROJECT_VERSION = 1;
				GENERATE_INFOPLIST_FILE = YES;
				IPHONEOS_DEPLOYMENT_TARGET = 18.2;
				MARKETING_VERSION = 1.0;
				PRODUCT_BUNDLE_IDENTIFIER = "example.com.new-feature-flutter-iosTests";
				PRODUCT_NAME = "$(TARGET_NAME)";
				SWIFT_EMIT_LOC_STRINGS = NO;
				SWIFT_VERSION = 5.0;
				TARGETED_DEVICE_FAMILY = "1,2";
				TEST_HOST = "$(BUILT_PRODUCTS_DIR)/new_feature_flutter_ios.app/$(BUNDLE_EXECUTABLE_FOLDER_PATH)/new_feature_flutter_ios";
			};
			name = Debug;
		};
		6F23CA8F2E45F3CE006B9C9D /* Release */ = {
			isa = XCBuildConfiguration;
			buildSettings = {
				BUNDLE_LOADER = "$(TEST_HOST)";
				CODE_SIGN_STYLE = Automatic;
				CURRENT_PROJECT_VERSION = 1;
				GENERATE_INFOPLIST_FILE = YES;
				IPHONEOS_DEPLOYMENT_TARGET = 18.2;
				MARKETING_VERSION = 1.0;
				PRODUCT_BUNDLE_IDENTIFIER = "example.com.new-feature-flutter-iosTests";
				PRODUCT_NAME = "$(TARGET_NAME)";
				SWIFT_EMIT_LOC_STRINGS = NO;
				SWIFT_VERSION = 5.0;
				TARGETED_DEVICE_FAMILY = "1,2";
				TEST_HOST = "$(BUILT_PRODUCTS_DIR)/new_feature_flutter_ios.app/$(BUNDLE_EXECUTABLE_FOLDER_PATH)/new_feature_flutter_ios";
			};
			name = Release;
		};
		6F23CA912E45F3CE006B9C9D /* Debug */ = {
			isa = XCBuildConfiguration;
			buildSettings = {
				CODE_SIGN_STYLE = Automatic;
				CURRENT_PROJECT_VERSION = 1;
				GENERATE_INFOPLIST_FILE = YES;
				MARKETING_VERSION = 1.0;
				PRODUCT_BUNDLE_IDENTIFIER = "example.com.new-feature-flutter-iosUITests";
				PRODUCT_NAME = "$(TARGET_NAME)";
				SWIFT_EMIT_LOC_STRINGS = NO;
				SWIFT_VERSION = 5.0;
				TARGETED_DEVICE_FAMILY = "1,2";
				TEST_TARGET_NAME = new_feature_flutter_ios;
			};
			name = Debug;
		};
		6F23CA922E45F3CE006B9C9D /* Release */ = {
			isa = XCBuildConfiguration;
			buildSettings = {
				CODE_SIGN_STYLE = Automatic;
				CURRENT_PROJECT_VERSION = 1;
				GENERATE_INFOPLIST_FILE = YES;
				MARKETING_VERSION = 1.0;
				PRODUCT_BUNDLE_IDENTIFIER = "example.com.new-feature-flutter-iosUITests";
				PRODUCT_NAME = "$(TARGET_NAME)";
				SWIFT_EMIT_LOC_STRINGS = NO;
				SWIFT_VERSION = 5.0;
				TARGETED_DEVICE_FAMILY = "1,2";
				TEST_TARGET_NAME = new_feature_flutter_ios;
			};
			name = Release;
		};
/* End XCBuildConfiguration section */

/* Begin XCConfigurationList section */
		6F23CA5A2E45F3C8006B9C9D /* Build configuration list for PBXProject "new_feature_flutter_ios" */ = {
			isa = XCConfigurationList;
			buildConfigurations = (
				6F23CA8B2E45F3CE006B9C9D /* Debug */,
				6F23CA8C2E45F3CE006B9C9D /* Release */,
			);
			defaultConfigurationIsVisible = 0;
			defaultConfigurationName = Release;
		};
		6F23CA882E45F3CE006B9C9D /* Build configuration list for PBXNativeTarget "new_feature_flutter_ios" */ = {
			isa = XCConfigurationList;
			buildConfigurations = (
				6F23CA892E45F3CE006B9C9D /* Debug */,
				6F23CA8A2E45F3CE006B9C9D /* Release */,
			);
			defaultConfigurationIsVisible = 0;
			defaultConfigurationName = Release;
		};
		6F23CA8D2E45F3CE006B9C9D /* Build configuration list for PBXNativeTarget "new_feature_flutter_iosTests" */ = {
			isa = XCConfigurationList;
			buildConfigurations = (
				6F23CA8E2E45F3CE006B9C9D /* Debug */,
				6F23CA8F2E45F3CE006B9C9D /* Release */,
			);
			defaultConfigurationIsVisible = 0;
			defaultConfigurationName = Release;
		};
		6F23CA902E45F3CE006B9C9D /* Build configuration list for PBXNativeTarget "new_feature_flutter_iosUITests" */ = {
			isa = XCConfigurationList;
			buildConfigurations = (
				6F23CA912E45F3CE006B9C9D /* Debug */,
				6F23CA922E45F3CE006B9C9D /* Release */,
			);
			defaultConfigurationIsVisible = 0;
			defaultConfigurationName = Release;
		};
/* End XCConfigurationList section */
	};
	rootObject = 6F23CA572E45F3C8006B9C9D /* Project object */;
}
